// !$*UTF8*$!
{
	archiveVersion = 1;
	classes = {
	};
	objectVersion = 56;
	objects = {

/* Begin PBXBuildFile section */
		303AC9122B5FD9440052E5F1 /* Seconds_ScreensApp.swift in Sources */ = {isa = PBXBuildFile; fileRef = 303AC9112B5FD9440052E5F1 /* Seconds_ScreensApp.swift */; };
		303AC9142B5FD9440052E5F1 /* ContentView.swift in Sources */ = {isa = PBXBuildFile; fileRef = 303AC9132B5FD9440052E5F1 /* ContentView.swift */; };
		303AC9162B5FD9450052E5F1 /* Assets.xcassets in Resources */ = {isa = PBXBuildFile; fileRef = 303AC9152B5FD9450052E5F1 /* Assets.xcassets */; };
		303AC9192B5FD9450052E5F1 /* Preview Assets.xcassets in Resources */ = {isa = PBXBuildFile; fileRef = 303AC9182B5FD9450052E5F1 /* Preview Assets.xcassets */; };
		303AC9202B5FD99C0052E5F1 /* SignInView.swift in Sources */ = {isa = PBXBuildFile; fileRef = 303AC91F2B5FD99C0052E5F1 /* SignInView.swift */; };
		303AC9222B5FDA8E0052E5F1 /* Dependencies.swift in Sources */ = {isa = PBXBuildFile; fileRef = 303AC9212B5FDA8E0052E5F1 /* Dependencies.swift */; };
		303AC9242B5FECFC0052E5F1 /* RegisterView.swift in Sources */ = {isa = PBXBuildFile; fileRef = 303AC9232B5FECFC0052E5F1 /* RegisterView.swift */; };
		303AC9262B5FF2540052E5F1 /* ResetPasswordView.swift in Sources */ = {isa = PBXBuildFile; fileRef = 303AC9252B5FF2540052E5F1 /* ResetPasswordView.swift */; };
		303AC9282B5FF4810052E5F1 /* ForgotPasswordView.swift in Sources */ = {isa = PBXBuildFile; fileRef = 303AC9272B5FF4810052E5F1 /* ForgotPasswordView.swift */; };
		303AC92A2B5FF5310052E5F1 /* EnterCodeView.swift in Sources */ = {isa = PBXBuildFile; fileRef = 303AC9292B5FF5310052E5F1 /* EnterCodeView.swift */; };
		30574D542B6F26C5006983D6 /* PickWorkoutView.swift in Sources */ = {isa = PBXBuildFile; fileRef = 30574D532B6F26C5006983D6 /* PickWorkoutView.swift */; };
		30574D562B6F3056006983D6 /* ResultsView.swift in Sources */ = {isa = PBXBuildFile; fileRef = 30574D552B6F3056006983D6 /* ResultsView.swift */; };
		305983D32B6E07790007501C /* cabin.ttf in Resources */ = {isa = PBXBuildFile; fileRef = 305983D22B6E074D0007501C /* cabin.ttf */; };
		305983D42B6E077C0007501C /* cabin_italic.ttf in Resources */ = {isa = PBXBuildFile; fileRef = 305983D12B6E07440007501C /* cabin_italic.ttf */; };
		305983D72B6E0B230007501C /* ProfileView.swift in Sources */ = {isa = PBXBuildFile; fileRef = 305983D62B6E0B230007501C /* ProfileView.swift */; };
		305983D92B6E14940007501C /* UserDetailsView.swift in Sources */ = {isa = PBXBuildFile; fileRef = 305983D82B6E14940007501C /* UserDetailsView.swift */; };
		307D5F552B6D39F500CFD0CD /* HomeView.swift in Sources */ = {isa = PBXBuildFile; fileRef = 307D5F542B6D39F500CFD0CD /* HomeView.swift */; };
		307D5F572B6DF2F300CFD0CD /* CaloriesView.swift in Sources */ = {isa = PBXBuildFile; fileRef = 307D5F562B6DF2F300CFD0CD /* CaloriesView.swift */; };
		307D5F592B6E046700CFD0CD /* MessagesView.swift in Sources */ = {isa = PBXBuildFile; fileRef = 307D5F582B6E046700CFD0CD /* MessagesView.swift */; };
		30E3CAEE2B7111D100F28761 /* LandingView.swift in Sources */ = {isa = PBXBuildFile; fileRef = 30E3CAED2B7111D100F28761 /* LandingView.swift */; };
		5808E7E62B715E6000B56465 /* BodyScanPage.swift in Sources */ = {isa = PBXBuildFile; fileRef = 5808E7E52B715E6000B56465 /* BodyScanPage.swift */; };
		5808E7E82B71600E00B56465 /* ViewResult.swift in Sources */ = {isa = PBXBuildFile; fileRef = 5808E7E72B71600E00B56465 /* ViewResult.swift */; };
		58B9E4FC2B75041300296FA4 /* MeasuringHeartRate.swift in Sources */ = {isa = PBXBuildFile; fileRef = 58B9E4FB2B75041300296FA4 /* MeasuringHeartRate.swift */; };
		58E8292C2B71F5DF00F9F38D /* CameraScreenRecord.swift in Sources */ = {isa = PBXBuildFile; fileRef = 58E8292B2B71F5DF00F9F38D /* CameraScreenRecord.swift */; };
		58E8292E2B720CA600F9F38D /* DetailsAnalysis.swift in Sources */ = {isa = PBXBuildFile; fileRef = 58E8292D2B720CA600F9F38D /* DetailsAnalysis.swift */; };
		58E829302B720CFE00F9F38D /* DetailsAnalysis2.swift in Sources */ = {isa = PBXBuildFile; fileRef = 58E8292F2B720CFE00F9F38D /* DetailsAnalysis2.swift */; };
		58E829322B720D6C00F9F38D /* CustomizedExperience.swift in Sources */ = {isa = PBXBuildFile; fileRef = 58E829312B720D6C00F9F38D /* CustomizedExperience.swift */; };
		58E829342B720DF600F9F38D /* RequestSent.swift in Sources */ = {isa = PBXBuildFile; fileRef = 58E829332B720DF600F9F38D /* RequestSent.swift */; };
		58E829362B720E6700F9F38D /* Nutrientsbreakdown.swift in Sources */ = {isa = PBXBuildFile; fileRef = 58E829352B720E6700F9F38D /* Nutrientsbreakdown.swift */; };
		58E829382B72A9B000F9F38D /* VO2Page.swift in Sources */ = {isa = PBXBuildFile; fileRef = 58E829372B72A9B000F9F38D /* VO2Page.swift */; };
/* End PBXBuildFile section */

/* Begin PBXFileReference section */
		303AC90E2B5FD9440052E5F1 /* Seconds Screens.app */ = {isa = PBXFileReference; explicitFileType = wrapper.application; includeInIndex = 0; path = "Seconds Screens.app"; sourceTree = BUILT_PRODUCTS_DIR; };
		303AC9112B5FD9440052E5F1 /* Seconds_ScreensApp.swift */ = {isa = PBXFileReference; lastKnownFileType = sourcecode.swift; path = Seconds_ScreensApp.swift; sourceTree = "<group>"; };
		303AC9132B5FD9440052E5F1 /* ContentView.swift */ = {isa = PBXFileReference; lastKnownFileType = sourcecode.swift; path = ContentView.swift; sourceTree = "<group>"; };
		303AC9152B5FD9450052E5F1 /* Assets.xcassets */ = {isa = PBXFileReference; lastKnownFileType = folder.assetcatalog; path = Assets.xcassets; sourceTree = "<group>"; };
		303AC9182B5FD9450052E5F1 /* Preview Assets.xcassets */ = {isa = PBXFileReference; lastKnownFileType = folder.assetcatalog; path = "Preview Assets.xcassets"; sourceTree = "<group>"; };
		303AC91F2B5FD99C0052E5F1 /* SignInView.swift */ = {isa = PBXFileReference; lastKnownFileType = sourcecode.swift; path = SignInView.swift; sourceTree = "<group>"; };
		303AC9212B5FDA8E0052E5F1 /* Dependencies.swift */ = {isa = PBXFileReference; lastKnownFileType = sourcecode.swift; path = Dependencies.swift; sourceTree = "<group>"; };
		303AC9232B5FECFC0052E5F1 /* RegisterView.swift */ = {isa = PBXFileReference; lastKnownFileType = sourcecode.swift; path = RegisterView.swift; sourceTree = "<group>"; };
		303AC9252B5FF2540052E5F1 /* ResetPasswordView.swift */ = {isa = PBXFileReference; lastKnownFileType = sourcecode.swift; path = ResetPasswordView.swift; sourceTree = "<group>"; };
		303AC9272B5FF4810052E5F1 /* ForgotPasswordView.swift */ = {isa = PBXFileReference; lastKnownFileType = sourcecode.swift; path = ForgotPasswordView.swift; sourceTree = "<group>"; };
		303AC9292B5FF5310052E5F1 /* EnterCodeView.swift */ = {isa = PBXFileReference; lastKnownFileType = sourcecode.swift; path = EnterCodeView.swift; sourceTree = "<group>"; };
		30574D532B6F26C5006983D6 /* PickWorkoutView.swift */ = {isa = PBXFileReference; lastKnownFileType = sourcecode.swift; path = PickWorkoutView.swift; sourceTree = "<group>"; };
		30574D552B6F3056006983D6 /* ResultsView.swift */ = {isa = PBXFileReference; lastKnownFileType = sourcecode.swift; path = ResultsView.swift; sourceTree = "<group>"; };
		305983D12B6E07440007501C /* cabin_italic.ttf */ = {isa = PBXFileReference; lastKnownFileType = file; path = cabin_italic.ttf; sourceTree = "<group>"; };
		305983D22B6E074D0007501C /* cabin.ttf */ = {isa = PBXFileReference; lastKnownFileType = file; path = cabin.ttf; sourceTree = "<group>"; };
		305983D52B6E07B40007501C /* Seconds-Screens-Info.plist */ = {isa = PBXFileReference; lastKnownFileType = text.plist; path = "Seconds-Screens-Info.plist"; sourceTree = SOURCE_ROOT; };
		305983D62B6E0B230007501C /* ProfileView.swift */ = {isa = PBXFileReference; lastKnownFileType = sourcecode.swift; path = ProfileView.swift; sourceTree = "<group>"; };
		305983D82B6E14940007501C /* UserDetailsView.swift */ = {isa = PBXFileReference; lastKnownFileType = sourcecode.swift; path = UserDetailsView.swift; sourceTree = "<group>"; };
		307D5F542B6D39F500CFD0CD /* HomeView.swift */ = {isa = PBXFileReference; lastKnownFileType = sourcecode.swift; path = HomeView.swift; sourceTree = "<group>"; };
		307D5F562B6DF2F300CFD0CD /* CaloriesView.swift */ = {isa = PBXFileReference; lastKnownFileType = sourcecode.swift; path = CaloriesView.swift; sourceTree = "<group>"; };
		307D5F582B6E046700CFD0CD /* MessagesView.swift */ = {isa = PBXFileReference; lastKnownFileType = sourcecode.swift; path = MessagesView.swift; sourceTree = "<group>"; };
		30E3CAED2B7111D100F28761 /* LandingView.swift */ = {isa = PBXFileReference; lastKnownFileType = sourcecode.swift; path = LandingView.swift; sourceTree = "<group>"; };
		5808E7E52B715E6000B56465 /* BodyScanPage.swift */ = {isa = PBXFileReference; lastKnownFileType = sourcecode.swift; path = BodyScanPage.swift; sourceTree = "<group>"; };
		5808E7E72B71600E00B56465 /* ViewResult.swift */ = {isa = PBXFileReference; lastKnownFileType = sourcecode.swift; path = ViewResult.swift; sourceTree = "<group>"; };
		58B9E4FB2B75041300296FA4 /* MeasuringHeartRate.swift */ = {isa = PBXFileReference; lastKnownFileType = sourcecode.swift; path = MeasuringHeartRate.swift; sourceTree = "<group>"; };
		58E8292B2B71F5DF00F9F38D /* CameraScreenRecord.swift */ = {isa = PBXFileReference; lastKnownFileType = sourcecode.swift; path = CameraScreenRecord.swift; sourceTree = "<group>"; };
		58E8292D2B720CA600F9F38D /* DetailsAnalysis.swift */ = {isa = PBXFileReference; lastKnownFileType = sourcecode.swift; path = DetailsAnalysis.swift; sourceTree = "<group>"; };
		58E8292F2B720CFE00F9F38D /* DetailsAnalysis2.swift */ = {isa = PBXFileReference; lastKnownFileType = sourcecode.swift; path = DetailsAnalysis2.swift; sourceTree = "<group>"; };
		58E829312B720D6C00F9F38D /* CustomizedExperience.swift */ = {isa = PBXFileReference; lastKnownFileType = sourcecode.swift; path = CustomizedExperience.swift; sourceTree = "<group>"; };
		58E829332B720DF600F9F38D /* RequestSent.swift */ = {isa = PBXFileReference; lastKnownFileType = sourcecode.swift; path = RequestSent.swift; sourceTree = "<group>"; };
		58E829352B720E6700F9F38D /* Nutrientsbreakdown.swift */ = {isa = PBXFileReference; lastKnownFileType = sourcecode.swift; path = Nutrientsbreakdown.swift; sourceTree = "<group>"; };
		58E829372B72A9B000F9F38D /* VO2Page.swift */ = {isa = PBXFileReference; lastKnownFileType = sourcecode.swift; path = VO2Page.swift; sourceTree = "<group>"; };
/* End PBXFileReference section */

/* Begin PBXFrameworksBuildPhase section */
		303AC90B2B5FD9440052E5F1 /* Frameworks */ = {
			isa = PBXFrameworksBuildPhase;
			buildActionMask = 2147483647;
			files = (
			);
			runOnlyForDeploymentPostprocessing = 0;
		};
/* End PBXFrameworksBuildPhase section */

/* Begin PBXGroup section */
		303AC9052B5FD9440052E5F1 = {
			isa = PBXGroup;
			children = (
				303AC9102B5FD9440052E5F1 /* Seconds Screens */,
				303AC90F2B5FD9440052E5F1 /* Products */,
			);
			sourceTree = "<group>";
		};
		303AC90F2B5FD9440052E5F1 /* Products */ = {
			isa = PBXGroup;
			children = (
				303AC90E2B5FD9440052E5F1 /* Seconds Screens.app */,
			);
			name = Products;
			sourceTree = "<group>";
		};
		303AC9102B5FD9440052E5F1 /* Seconds Screens */ = {
			isa = PBXGroup;
			children = (
				305983D52B6E07B40007501C /* Seconds-Screens-Info.plist */,
				30574D552B6F3056006983D6 /* ResultsView.swift */,
				303AC9212B5FDA8E0052E5F1 /* Dependencies.swift */,
				30574D532B6F26C5006983D6 /* PickWorkoutView.swift */,
				305983D82B6E14940007501C /* UserDetailsView.swift */,
				305983D62B6E0B230007501C /* ProfileView.swift */,
				307D5F582B6E046700CFD0CD /* MessagesView.swift */,
				307D5F562B6DF2F300CFD0CD /* CaloriesView.swift */,
				307D5F542B6D39F500CFD0CD /* HomeView.swift */,
				303AC9292B5FF5310052E5F1 /* EnterCodeView.swift */,
				303AC9252B5FF2540052E5F1 /* ResetPasswordView.swift */,
				303AC9272B5FF4810052E5F1 /* ForgotPasswordView.swift */,
				303AC9232B5FECFC0052E5F1 /* RegisterView.swift */,
				303AC91F2B5FD99C0052E5F1 /* SignInView.swift */,
				30E3CAED2B7111D100F28761 /* LandingView.swift */,
				303AC9132B5FD9440052E5F1 /* ContentView.swift */,
				303AC9112B5FD9440052E5F1 /* Seconds_ScreensApp.swift */,
				5808E7E52B715E6000B56465 /* BodyScanPage.swift */,
				5808E7E72B71600E00B56465 /* ViewResult.swift */,
				58E8292B2B71F5DF00F9F38D /* CameraScreenRecord.swift */,
				58E8292D2B720CA600F9F38D /* DetailsAnalysis.swift */,
				58E829372B72A9B000F9F38D /* VO2Page.swift */,
				58B9E4FB2B75041300296FA4 /* MeasuringHeartRate.swift */,
				58E8292F2B720CFE00F9F38D /* DetailsAnalysis2.swift */,
				58E829312B720D6C00F9F38D /* CustomizedExperience.swift */,
				58E829332B720DF600F9F38D /* RequestSent.swift */,
				58E829352B720E6700F9F38D /* Nutrientsbreakdown.swift */,
				305983D22B6E074D0007501C /* cabin.ttf */,
				305983D12B6E07440007501C /* cabin_italic.ttf */,
				303AC9152B5FD9450052E5F1 /* Assets.xcassets */,
				303AC9172B5FD9450052E5F1 /* Preview Content */,
			);
			path = "Seconds Screens";
			sourceTree = "<group>";
		};
		303AC9172B5FD9450052E5F1 /* Preview Content */ = {
			isa = PBXGroup;
			children = (
				303AC9182B5FD9450052E5F1 /* Preview Assets.xcassets */,
			);
			path = "Preview Content";
			sourceTree = "<group>";
		};
/* End PBXGroup section */

/* Begin PBXNativeTarget section */
		303AC90D2B5FD9440052E5F1 /* Seconds Screens */ = {
			isa = PBXNativeTarget;
			buildConfigurationList = 303AC91C2B5FD9450052E5F1 /* Build configuration list for PBXNativeTarget "Seconds Screens" */;
			buildPhases = (
				303AC90A2B5FD9440052E5F1 /* Sources */,
				303AC90B2B5FD9440052E5F1 /* Frameworks */,
				303AC90C2B5FD9440052E5F1 /* Resources */,
			);
			buildRules = (
			);
			dependencies = (
			);
			name = "Seconds Screens";
			productName = "Seconds Screens";
			productReference = 303AC90E2B5FD9440052E5F1 /* Seconds Screens.app */;
			productType = "com.apple.product-type.application";
		};
/* End PBXNativeTarget section */

/* Begin PBXProject section */
		303AC9062B5FD9440052E5F1 /* Project object */ = {
			isa = PBXProject;
			attributes = {
				BuildIndependentTargetsInParallel = 1;
				LastSwiftUpdateCheck = 1520;
				LastUpgradeCheck = 1520;
				TargetAttributes = {
					303AC90D2B5FD9440052E5F1 = {
						CreatedOnToolsVersion = 15.2;
					};
				};
			};
			buildConfigurationList = 303AC9092B5FD9440052E5F1 /* Build configuration list for PBXProject "Seconds Screens" */;
			compatibilityVersion = "Xcode 14.0";
			developmentRegion = en;
			hasScannedForEncodings = 0;
			knownRegions = (
				en,
				Base,
			);
			mainGroup = 303AC9052B5FD9440052E5F1;
			productRefGroup = 303AC90F2B5FD9440052E5F1 /* Products */;
			projectDirPath = "";
			projectRoot = "";
			targets = (
				303AC90D2B5FD9440052E5F1 /* Seconds Screens */,
			);
		};
/* End PBXProject section */

/* Begin PBXResourcesBuildPhase section */
		303AC90C2B5FD9440052E5F1 /* Resources */ = {
			isa = PBXResourcesBuildPhase;
			buildActionMask = 2147483647;
			files = (
				303AC9192B5FD9450052E5F1 /* Preview Assets.xcassets in Resources */,
				305983D32B6E07790007501C /* cabin.ttf in Resources */,
				305983D42B6E077C0007501C /* cabin_italic.ttf in Resources */,
				303AC9162B5FD9450052E5F1 /* Assets.xcassets in Resources */,
			);
			runOnlyForDeploymentPostprocessing = 0;
		};
/* End PBXResourcesBuildPhase section */

/* Begin PBXSourcesBuildPhase section */
		303AC90A2B5FD9440052E5F1 /* Sources */ = {
			isa = PBXSourcesBuildPhase;
			buildActionMask = 2147483647;
			files = (
				307D5F572B6DF2F300CFD0CD /* CaloriesView.swift in Sources */,
				307D5F552B6D39F500CFD0CD /* HomeView.swift in Sources */,
				303AC9222B5FDA8E0052E5F1 /* Dependencies.swift in Sources */,
				30574D542B6F26C5006983D6 /* PickWorkoutView.swift in Sources */,
				58E829362B720E6700F9F38D /* Nutrientsbreakdown.swift in Sources */,
				30E3CAEE2B7111D100F28761 /* LandingView.swift in Sources */,
				303AC9282B5FF4810052E5F1 /* ForgotPasswordView.swift in Sources */,
				58E829302B720CFE00F9F38D /* DetailsAnalysis2.swift in Sources */,
				305983D72B6E0B230007501C /* ProfileView.swift in Sources */,
				303AC92A2B5FF5310052E5F1 /* EnterCodeView.swift in Sources */,
				303AC9242B5FECFC0052E5F1 /* RegisterView.swift in Sources */,
				303AC9202B5FD99C0052E5F1 /* SignInView.swift in Sources */,
				58E829342B720DF600F9F38D /* RequestSent.swift in Sources */,
				305983D92B6E14940007501C /* UserDetailsView.swift in Sources */,
				58E829382B72A9B000F9F38D /* VO2Page.swift in Sources */,
				5808E7E62B715E6000B56465 /* BodyScanPage.swift in Sources */,
				307D5F592B6E046700CFD0CD /* MessagesView.swift in Sources */,
				5808E7E82B71600E00B56465 /* ViewResult.swift in Sources */,
				303AC9262B5FF2540052E5F1 /* ResetPasswordView.swift in Sources */,
				58E829322B720D6C00F9F38D /* CustomizedExperience.swift in Sources */,
				58B9E4FC2B75041300296FA4 /* MeasuringHeartRate.swift in Sources */,
				303AC9142B5FD9440052E5F1 /* ContentView.swift in Sources */,
				58E8292C2B71F5DF00F9F38D /* CameraScreenRecord.swift in Sources */,
				30574D562B6F3056006983D6 /* ResultsView.swift in Sources */,
				58E8292E2B720CA600F9F38D /* DetailsAnalysis.swift in Sources */,
				303AC9122B5FD9440052E5F1 /* Seconds_ScreensApp.swift in Sources */,
			);
			runOnlyForDeploymentPostprocessing = 0;
		};
/* End PBXSourcesBuildPhase section */

/* Begin XCBuildConfiguration section */
		303AC91A2B5FD9450052E5F1 /* Debug */ = {
			isa = XCBuildConfiguration;
			buildSettings = {
				ALWAYS_SEARCH_USER_PATHS = NO;
				ASSETCATALOG_COMPILER_GENERATE_SWIFT_ASSET_SYMBOL_EXTENSIONS = YES;
				CLANG_ANALYZER_NONNULL = YES;
				CLANG_ANALYZER_NUMBER_OBJECT_CONVERSION = YES_AGGRESSIVE;
				CLANG_CXX_LANGUAGE_STANDARD = "gnu++20";
				CLANG_ENABLE_MODULES = YES;
				CLANG_ENABLE_OBJC_ARC = YES;
				CLANG_ENABLE_OBJC_WEAK = YES;
				CLANG_WARN_BLOCK_CAPTURE_AUTORELEASING = YES;
				CLANG_WARN_BOOL_CONVERSION = YES;
				CLANG_WARN_COMMA = YES;
				CLANG_WARN_CONSTANT_CONVERSION = YES;
				CLANG_WARN_DEPRECATED_OBJC_IMPLEMENTATIONS = YES;
				CLANG_WARN_DIRECT_OBJC_ISA_USAGE = YES_ERROR;
				CLANG_WARN_DOCUMENTATION_COMMENTS = YES;
				CLANG_WARN_EMPTY_BODY = YES;
				CLANG_WARN_ENUM_CONVERSION = YES;
				CLANG_WARN_INFINITE_RECURSION = YES;
				CLANG_WARN_INT_CONVERSION = YES;
				CLANG_WARN_NON_LITERAL_NULL_CONVERSION = YES;
				CLANG_WARN_OBJC_IMPLICIT_RETAIN_SELF = YES;
				CLANG_WARN_OBJC_LITERAL_CONVERSION = YES;
				CLANG_WARN_OBJC_ROOT_CLASS = YES_ERROR;
				CLANG_WARN_QUOTED_INCLUDE_IN_FRAMEWORK_HEADER = YES;
				CLANG_WARN_RANGE_LOOP_ANALYSIS = YES;
				CLANG_WARN_STRICT_PROTOTYPES = YES;
				CLANG_WARN_SUSPICIOUS_MOVE = YES;
				CLANG_WARN_UNGUARDED_AVAILABILITY = YES_AGGRESSIVE;
				CLANG_WARN_UNREACHABLE_CODE = YES;
				CLANG_WARN__DUPLICATE_METHOD_MATCH = YES;
				COPY_PHASE_STRIP = NO;
				DEBUG_INFORMATION_FORMAT = dwarf;
				ENABLE_STRICT_OBJC_MSGSEND = YES;
				ENABLE_TESTABILITY = YES;
				ENABLE_USER_SCRIPT_SANDBOXING = YES;
				GCC_C_LANGUAGE_STANDARD = gnu17;
				GCC_DYNAMIC_NO_PIC = NO;
				GCC_NO_COMMON_BLOCKS = YES;
				GCC_OPTIMIZATION_LEVEL = 0;
				GCC_PREPROCESSOR_DEFINITIONS = (
					"DEBUG=1",
					"$(inherited)",
				);
				GCC_WARN_64_TO_32_BIT_CONVERSION = YES;
				GCC_WARN_ABOUT_RETURN_TYPE = YES_ERROR;
				GCC_WARN_UNDECLARED_SELECTOR = YES;
				GCC_WARN_UNINITIALIZED_AUTOS = YES_AGGRESSIVE;
				GCC_WARN_UNUSED_FUNCTION = YES;
				GCC_WARN_UNUSED_VARIABLE = YES;
				IPHONEOS_DEPLOYMENT_TARGET = 17.2;
				LOCALIZATION_PREFERS_STRING_CATALOGS = YES;
				MTL_ENABLE_DEBUG_INFO = INCLUDE_SOURCE;
				MTL_FAST_MATH = YES;
				ONLY_ACTIVE_ARCH = YES;
				SDKROOT = iphoneos;
				SWIFT_ACTIVE_COMPILATION_CONDITIONS = "DEBUG $(inherited)";
				SWIFT_OPTIMIZATION_LEVEL = "-Onone";
			};
			name = Debug;
		};
		303AC91B2B5FD9450052E5F1 /* Release */ = {
			isa = XCBuildConfiguration;
			buildSettings = {
				ALWAYS_SEARCH_USER_PATHS = NO;
				ASSETCATALOG_COMPILER_GENERATE_SWIFT_ASSET_SYMBOL_EXTENSIONS = YES;
				CLANG_ANALYZER_NONNULL = YES;
				CLANG_ANALYZER_NUMBER_OBJECT_CONVERSION = YES_AGGRESSIVE;
				CLANG_CXX_LANGUAGE_STANDARD = "gnu++20";
				CLANG_ENABLE_MODULES = YES;
				CLANG_ENABLE_OBJC_ARC = YES;
				CLANG_ENABLE_OBJC_WEAK = YES;
				CLANG_WARN_BLOCK_CAPTURE_AUTORELEASING = YES;
				CLANG_WARN_BOOL_CONVERSION = YES;
				CLANG_WARN_COMMA = YES;
				CLANG_WARN_CONSTANT_CONVERSION = YES;
				CLANG_WARN_DEPRECATED_OBJC_IMPLEMENTATIONS = YES;
				CLANG_WARN_DIRECT_OBJC_ISA_USAGE = YES_ERROR;
				CLANG_WARN_DOCUMENTATION_COMMENTS = YES;
				CLANG_WARN_EMPTY_BODY = YES;
				CLANG_WARN_ENUM_CONVERSION = YES;
				CLANG_WARN_INFINITE_RECURSION = YES;
				CLANG_WARN_INT_CONVERSION = YES;
				CLANG_WARN_NON_LITERAL_NULL_CONVERSION = YES;
				CLANG_WARN_OBJC_IMPLICIT_RETAIN_SELF = YES;
				CLANG_WARN_OBJC_LITERAL_CONVERSION = YES;
				CLANG_WARN_OBJC_ROOT_CLASS = YES_ERROR;
				CLANG_WARN_QUOTED_INCLUDE_IN_FRAMEWORK_HEADER = YES;
				CLANG_WARN_RANGE_LOOP_ANALYSIS = YES;
				CLANG_WARN_STRICT_PROTOTYPES = YES;
				CLANG_WARN_SUSPICIOUS_MOVE = YES;
				CLANG_WARN_UNGUARDED_AVAILABILITY = YES_AGGRESSIVE;
				CLANG_WARN_UNREACHABLE_CODE = YES;
				CLANG_WARN__DUPLICATE_METHOD_MATCH = YES;
				COPY_PHASE_STRIP = NO;
				DEBUG_INFORMATION_FORMAT = "dwarf-with-dsym";
				ENABLE_NS_ASSERTIONS = NO;
				ENABLE_STRICT_OBJC_MSGSEND = YES;
				ENABLE_USER_SCRIPT_SANDBOXING = YES;
				GCC_C_LANGUAGE_STANDARD = gnu17;
				GCC_NO_COMMON_BLOCKS = YES;
				GCC_WARN_64_TO_32_BIT_CONVERSION = YES;
				GCC_WARN_ABOUT_RETURN_TYPE = YES_ERROR;
				GCC_WARN_UNDECLARED_SELECTOR = YES;
				GCC_WARN_UNINITIALIZED_AUTOS = YES_AGGRESSIVE;
				GCC_WARN_UNUSED_FUNCTION = YES;
				GCC_WARN_UNUSED_VARIABLE = YES;
				IPHONEOS_DEPLOYMENT_TARGET = 17.2;
				LOCALIZATION_PREFERS_STRING_CATALOGS = YES;
				MTL_ENABLE_DEBUG_INFO = NO;
				MTL_FAST_MATH = YES;
				SDKROOT = iphoneos;
				SWIFT_COMPILATION_MODE = wholemodule;
				VALIDATE_PRODUCT = YES;
			};
			name = Release;
		};
		303AC91D2B5FD9450052E5F1 /* Debug */ = {
			isa = XCBuildConfiguration;
			buildSettings = {
				ASSETCATALOG_COMPILER_APPICON_NAME = AppIcon;
				ASSETCATALOG_COMPILER_GLOBAL_ACCENT_COLOR_NAME = AccentColor;
				CODE_SIGN_STYLE = Automatic;
				CURRENT_PROJECT_VERSION = 1;
				DEVELOPMENT_ASSET_PATHS = "\"Seconds Screens/Preview Content\"";
				DEVELOPMENT_TEAM = FWXLLY2G6L;
				ENABLE_PREVIEWS = YES;
				GENERATE_INFOPLIST_FILE = YES;
				INFOPLIST_FILE = "Seconds-Screens-Info.plist";
				INFOPLIST_KEY_UIApplicationSceneManifest_Generation = YES;
				INFOPLIST_KEY_UIApplicationSupportsIndirectInputEvents = YES;
				INFOPLIST_KEY_UILaunchScreen_Generation = YES;
				INFOPLIST_KEY_UIStatusBarStyle = "";
				INFOPLIST_KEY_UISupportedInterfaceOrientations = UIInterfaceOrientationPortrait;
				INFOPLIST_KEY_UISupportedInterfaceOrientations_iPad = "UIInterfaceOrientationPortrait UIInterfaceOrientationPortraitUpsideDown";
				LD_RUNPATH_SEARCH_PATHS = (
					"$(inherited)",
					"@executable_path/Frameworks",
				);
				MARKETING_VERSION = 1.0;
				PRODUCT_BUNDLE_IDENTIFIER = "com.dheerajshyam.analysedproject.second-screens.Seconds-Screens";
				PRODUCT_NAME = "$(TARGET_NAME)";
				SWIFT_EMIT_LOC_STRINGS = YES;
				SWIFT_VERSION = 5.0;
				TARGETED_DEVICE_FAMILY = "1,2";
			};
			name = Debug;
		};
		303AC91E2B5FD9450052E5F1 /* Release */ = {
			isa = XCBuildConfiguration;
			buildSettings = {
				ASSETCATALOG_COMPILER_APPICON_NAME = AppIcon;
				ASSETCATALOG_COMPILER_GLOBAL_ACCENT_COLOR_NAME = AccentColor;
				CODE_SIGN_STYLE = Automatic;
				CURRENT_PROJECT_VERSION = 1;
				DEVELOPMENT_ASSET_PATHS = "\"Seconds Screens/Preview Content\"";
				DEVELOPMENT_TEAM = FWXLLY2G6L;
				ENABLE_PREVIEWS = YES;
				GENERATE_INFOPLIST_FILE = YES;
				INFOPLIST_FILE = "Seconds-Screens-Info.plist";
				INFOPLIST_KEY_UIApplicationSceneManifest_Generation = YES;
				INFOPLIST_KEY_UIApplicationSupportsIndirectInputEvents = YES;
				INFOPLIST_KEY_UILaunchScreen_Generation = YES;
				INFOPLIST_KEY_UIStatusBarStyle = "";
				INFOPLIST_KEY_UISupportedInterfaceOrientations = UIInterfaceOrientationPortrait;
				INFOPLIST_KEY_UISupportedInterfaceOrientations_iPad = "UIInterfaceOrientationPortrait UIInterfaceOrientationPortraitUpsideDown";
				LD_RUNPATH_SEARCH_PATHS = (
					"$(inherited)",
					"@executable_path/Frameworks",
				);
				MARKETING_VERSION = 1.0;
				PRODUCT_BUNDLE_IDENTIFIER = "com.dheerajshyam.analysedproject.second-screens.Seconds-Screens";
				PRODUCT_NAME = "$(TARGET_NAME)";
				SWIFT_EMIT_LOC_STRINGS = YES;
				SWIFT_VERSION = 5.0;
				TARGETED_DEVICE_FAMILY = "1,2";
			};
			name = Release;
		};
/* End XCBuildConfiguration section */

/* Begin XCConfigurationList section */
		303AC9092B5FD9440052E5F1 /* Build configuration list for PBXProject "Seconds Screens" */ = {
			isa = XCConfigurationList;
			buildConfigurations = (
				303AC91A2B5FD9450052E5F1 /* Debug */,
				303AC91B2B5FD9450052E5F1 /* Release */,
			);
			defaultConfigurationIsVisible = 0;
			defaultConfigurationName = Release;
		};
		303AC91C2B5FD9450052E5F1 /* Build configuration list for PBXNativeTarget "Seconds Screens" */ = {
			isa = XCConfigurationList;
			buildConfigurations = (
				303AC91D2B5FD9450052E5F1 /* Debug */,
				303AC91E2B5FD9450052E5F1 /* Release */,
			);
			defaultConfigurationIsVisible = 0;
			defaultConfigurationName = Release;
		};
/* End XCConfigurationList section */
	};
	rootObject = 303AC9062B5FD9440052E5F1 /* Project object */;
}
